// !$*UTF8*$!
{
	archiveVersion = 1;
	classes = {
	};
	objectVersion = 48;
	objects = {

/* Begin PBXBuildFile section */
		87550A8E2105B64200613EFF /* AppDelegate.swift in Sources */ = {isa = PBXBuildFile; fileRef = 87550A8D2105B64200613EFF /* AppDelegate.swift */; };
		87550A902105B64200613EFF /* ViewController.swift in Sources */ = {isa = PBXBuildFile; fileRef = 87550A8F2105B64200613EFF /* ViewController.swift */; };
		87550A932105B64200613EFF /* Main.storyboard in Resources */ = {isa = PBXBuildFile; fileRef = 87550A912105B64200613EFF /* Main.storyboard */; };
		87550A952105B64200613EFF /* Assets.xcassets in Resources */ = {isa = PBXBuildFile; fileRef = 87550A942105B64200613EFF /* Assets.xcassets */; };
		87550A982105B64200613EFF /* LaunchScreen.storyboard in Resources */ = {isa = PBXBuildFile; fileRef = 87550A962105B64200613EFF /* LaunchScreen.storyboard */; };
		FFFE4BFC13B76C3900C75279 /* Pods_slack.framework in Frameworks */ = {isa = PBXBuildFile; fileRef = 8A184E2C6340231958CAA8E9 /* Pods_slack.framework */; };
/* End PBXBuildFile section */

/* Begin PBXFileReference section */
		51A8DD69203973D7A86CA3B6 /* Pods-slack.release.xcconfig */ = {isa = PBXFileReference; includeInIndex = 1; lastKnownFileType = text.xcconfig; name = "Pods-slack.release.xcconfig"; path = "Pods/Target Support Files/Pods-slack/Pods-slack.release.xcconfig"; sourceTree = "<group>"; };
		87550A8A2105B64200613EFF /* slack.app */ = {isa = PBXFileReference; explicitFileType = wrapper.application; includeInIndex = 0; path = slack.app; sourceTree = BUILT_PRODUCTS_DIR; };
		87550A8D2105B64200613EFF /* AppDelegate.swift */ = {isa = PBXFileReference; lastKnownFileType = sourcecode.swift; path = AppDelegate.swift; sourceTree = "<group>"; };
		87550A8F2105B64200613EFF /* ViewController.swift */ = {isa = PBXFileReference; lastKnownFileType = sourcecode.swift; path = ViewController.swift; sourceTree = "<group>"; };
		87550A922105B64200613EFF /* Base */ = {isa = PBXFileReference; lastKnownFileType = file.storyboard; name = Base; path = Base.lproj/Main.storyboard; sourceTree = "<group>"; };
		87550A942105B64200613EFF /* Assets.xcassets */ = {isa = PBXFileReference; lastKnownFileType = folder.assetcatalog; path = Assets.xcassets; sourceTree = "<group>"; };
		87550A972105B64200613EFF /* Base */ = {isa = PBXFileReference; lastKnownFileType = file.storyboard; name = Base; path = Base.lproj/LaunchScreen.storyboard; sourceTree = "<group>"; };
		87550A992105B64200613EFF /* Info.plist */ = {isa = PBXFileReference; lastKnownFileType = text.plist.xml; path = Info.plist; sourceTree = "<group>"; };
		8A184E2C6340231958CAA8E9 /* Pods_slack.framework */ = {isa = PBXFileReference; explicitFileType = wrapper.framework; includeInIndex = 0; path = Pods_slack.framework; sourceTree = BUILT_PRODUCTS_DIR; };
		F3ACE73E81784C6BAB9EDE5B /* Pods-slack.debug.xcconfig */ = {isa = PBXFileReference; includeInIndex = 1; lastKnownFileType = text.xcconfig; name = "Pods-slack.debug.xcconfig"; path = "Pods/Target Support Files/Pods-slack/Pods-slack.debug.xcconfig"; sourceTree = "<group>"; };
/* End PBXFileReference section */

/* Begin PBXFrameworksBuildPhase section */
		87550A872105B64200613EFF /* Frameworks */ = {
			isa = PBXFrameworksBuildPhase;
			buildActionMask = 2147483647;
			files = (
				FFFE4BFC13B76C3900C75279 /* Pods_slack.framework in Frameworks */,
			);
			runOnlyForDeploymentPostprocessing = 0;
		};
/* End PBXFrameworksBuildPhase section */

/* Begin PBXGroup section */
		0D753C3DB5DB372AA3B5B613 /* Frameworks */ = {
			isa = PBXGroup;
			children = (
				8A184E2C6340231958CAA8E9 /* Pods_slack.framework */,
			);
			name = Frameworks;
			sourceTree = "<group>";
		};
		4212C49ED848257FF67AF642 /* Pods */ = {
			isa = PBXGroup;
			children = (
				F3ACE73E81784C6BAB9EDE5B /* Pods-slack.debug.xcconfig */,
				51A8DD69203973D7A86CA3B6 /* Pods-slack.release.xcconfig */,
			);
			name = Pods;
			sourceTree = "<group>";
		};
		87550A812105B64200613EFF = {
			isa = PBXGroup;
			children = (
				87550A8C2105B64200613EFF /* slack */,
				87550A8B2105B64200613EFF /* Products */,
				4212C49ED848257FF67AF642 /* Pods */,
				0D753C3DB5DB372AA3B5B613 /* Frameworks */,
			);
			sourceTree = "<group>";
		};
		87550A8B2105B64200613EFF /* Products */ = {
			isa = PBXGroup;
			children = (
				87550A8A2105B64200613EFF /* slack.app */,
			);
			name = Products;
			sourceTree = "<group>";
		};
		87550A8C2105B64200613EFF /* slack */ = {
			isa = PBXGroup;
			children = (
				87550A8D2105B64200613EFF /* AppDelegate.swift */,
				87550A8F2105B64200613EFF /* ViewController.swift */,
				87550A912105B64200613EFF /* Main.storyboard */,
				87550A942105B64200613EFF /* Assets.xcassets */,
				87550A962105B64200613EFF /* LaunchScreen.storyboard */,
				87550A992105B64200613EFF /* Info.plist */,
			);
			path = slack;
			sourceTree = "<group>";
		};
/* End PBXGroup section */

/* Begin PBXNativeTarget section */
		87550A892105B64200613EFF /* slack */ = {
			isa = PBXNativeTarget;
			buildConfigurationList = 87550A9C2105B64200613EFF /* Build configuration list for PBXNativeTarget "slack" */;
			buildPhases = (
				1C12994C2CFA705F128E5F45 /* [CP] Check Pods Manifest.lock */,
				87550A862105B64200613EFF /* Sources */,
				87550A872105B64200613EFF /* Frameworks */,
				87550A882105B64200613EFF /* Resources */,
				E2C530ABCC127B8B54E81CEF /* [CP] Embed Pods Frameworks */,
			);
			buildRules = (
			);
			dependencies = (
			);
			name = slack;
			productName = slack;
			productReference = 87550A8A2105B64200613EFF /* slack.app */;
			productType = "com.apple.product-type.application";
		};
/* End PBXNativeTarget section */

/* Begin PBXProject section */
		87550A822105B64200613EFF /* Project object */ = {
			isa = PBXProject;
			attributes = {
				LastSwiftUpdateCheck = 0900;
				LastUpgradeCheck = 0900;
				ORGANIZATIONNAME = "Roderick Karlemstrand";
				TargetAttributes = {
					87550A892105B64200613EFF = {
						CreatedOnToolsVersion = 9.0;
						ProvisioningStyle = Automatic;
					};
				};
			};
			buildConfigurationList = 87550A852105B64200613EFF /* Build configuration list for PBXProject "slack" */;
			compatibilityVersion = "Xcode 8.0";
			developmentRegion = en;
			hasScannedForEncodings = 0;
			knownRegions = (
				en,
				Base,
			);
			mainGroup = 87550A812105B64200613EFF;
			productRefGroup = 87550A8B2105B64200613EFF /* Products */;
			projectDirPath = "";
			projectRoot = "";
			targets = (
				87550A892105B64200613EFF /* slack */,
			);
		};
/* End PBXProject section */

/* Begin PBXResourcesBuildPhase section */
		87550A882105B64200613EFF /* Resources */ = {
			isa = PBXResourcesBuildPhase;
			buildActionMask = 2147483647;
			files = (
				87550A982105B64200613EFF /* LaunchScreen.storyboard in Resources */,
				87550A952105B64200613EFF /* Assets.xcassets in Resources */,
				87550A932105B64200613EFF /* Main.storyboard in Resources */,
			);
			runOnlyForDeploymentPostprocessing = 0;
		};
/* End PBXResourcesBuildPhase section */

/* Begin PBXShellScriptBuildPhase section */
		1C12994C2CFA705F128E5F45 /* [CP] Check Pods Manifest.lock */ = {
			isa = PBXShellScriptBuildPhase;
			buildActionMask = 2147483647;
			files = (
			);
			inputPaths = (
				"${PODS_PODFILE_DIR_PATH}/Podfile.lock",
				"${PODS_ROOT}/Manifest.lock",
			);
			name = "[CP] Check Pods Manifest.lock";
			outputPaths = (
				"$(DERIVED_FILE_DIR)/Pods-slack-checkManifestLockResult.txt",
			);
			runOnlyForDeploymentPostprocessing = 0;
			shellPath = /bin/sh;
			shellScript = "diff \"${PODS_PODFILE_DIR_PATH}/Podfile.lock\" \"${PODS_ROOT}/Manifest.lock\" > /dev/null\nif [ $? != 0 ] ; then\n    # print error to STDERR\n    echo \"error: The sandbox is not in sync with the Podfile.lock. Run 'pod install' or update your CocoaPods installation.\" >&2\n    exit 1\nfi\n# This output is used by Xcode 'outputs' to avoid re-running this script phase.\necho \"SUCCESS\" > \"${SCRIPT_OUTPUT_FILE_0}\"\n";
			showEnvVarsInLog = 0;
		};
		E2C530ABCC127B8B54E81CEF /* [CP] Embed Pods Frameworks */ = {
			isa = PBXShellScriptBuildPhase;
			buildActionMask = 2147483647;
			files = (
			);
			inputPaths = (
				"${SRCROOT}/Pods/Target Support Files/Pods-slack/Pods-slack-frameworks.sh",
				"${BUILT_PRODUCTS_DIR}/Alamofire/Alamofire.framework",
				"${BUILT_PRODUCTS_DIR}/Socket.IO-Client-Swift/SocketIO.framework",
				"${BUILT_PRODUCTS_DIR}/Starscream/Starscream.framework",
				"${BUILT_PRODUCTS_DIR}/SwiftyJSON/SwiftyJSON.framework",
			);
			name = "[CP] Embed Pods Frameworks";
			outputPaths = (
				"${TARGET_BUILD_DIR}/${FRAMEWORKS_FOLDER_PATH}/Alamofire.framework",
				"${TARGET_BUILD_DIR}/${FRAMEWORKS_FOLDER_PATH}/SocketIO.framework",
				"${TARGET_BUILD_DIR}/${FRAMEWORKS_FOLDER_PATH}/Starscream.framework",
				"${TARGET_BUILD_DIR}/${FRAMEWORKS_FOLDER_PATH}/SwiftyJSON.framework",
			);
			runOnlyForDeploymentPostprocessing = 0;
			shellPath = /bin/sh;
			shellScript = "\"${SRCROOT}/Pods/Target Support Files/Pods-slack/Pods-slack-frameworks.sh\"\n";
			showEnvVarsInLog = 0;
		};
/* End PBXShellScriptBuildPhase section */

/* Begin PBXSourcesBuildPhase section */
		87550A862105B64200613EFF /* Sources */ = {
			isa = PBXSourcesBuildPhase;
			buildActionMask = 2147483647;
			files = (
				87550A902105B64200613EFF /* ViewController.swift in Sources */,
				87550A8E2105B64200613EFF /* AppDelegate.swift in Sources */,
			);
			runOnlyForDeploymentPostprocessing = 0;
		};
/* End PBXSourcesBuildPhase section */

/* Begin PBXVariantGroup section */
		87550A912105B64200613EFF /* Main.storyboard */ = {
			isa = PBXVariantGroup;
			children = (
				87550A922105B64200613EFF /* Base */,
			);
			name = Main.storyboard;
			sourceTree = "<group>";
		};
		87550A962105B64200613EFF /* LaunchScreen.storyboard */ = {
			isa = PBXVariantGroup;
			children = (
				87550A972105B64200613EFF /* Base */,
			);
			name = LaunchScreen.storyboard;
			sourceTree = "<group>";
		};
/* End PBXVariantGroup section */

/* Begin XCBuildConfiguration section */
		87550A9A2105B64200613EFF /* Debug */ = {
			isa = XCBuildConfiguration;
			buildSettings = {
				ALWAYS_SEARCH_USER_PATHS = NO;
				CLANG_ANALYZER_NONNULL = YES;
				CLANG_ANALYZER_NUMBER_OBJECT_CONVERSION = YES_AGGRESSIVE;
				CLANG_CXX_LANGUAGE_STANDARD = "gnu++14";
				CLANG_CXX_LIBRARY = "libc++";
				CLANG_ENABLE_MODULES = YES;
				CLANG_ENABLE_OBJC_ARC = YES;
				CLANG_WARN_BLOCK_CAPTURE_AUTORELEASING = YES;
				CLANG_WARN_BOOL_CONVERSION = YES;
				CLANG_WARN_COMMA = YES;
				CLANG_WARN_CONSTANT_CONVERSION = YES;
				CLANG_WARN_DIRECT_OBJC_ISA_USAGE = YES_ERROR;
				CLANG_WARN_DOCUMENTATION_COMMENTS = YES;
				CLANG_WARN_EMPTY_BODY = YES;
				CLANG_WARN_ENUM_CONVERSION = YES;
				CLANG_WARN_INFINITE_RECURSION = YES;
				CLANG_WARN_INT_CONVERSION = YES;
				CLANG_WARN_NON_LITERAL_NULL_CONVERSION = YES;
				CLANG_WARN_OBJC_LITERAL_CONVERSION = YES;
				CLANG_WARN_OBJC_ROOT_CLASS = YES_ERROR;
				CLANG_WARN_RANGE_LOOP_ANALYSIS = YES;
				CLANG_WARN_STRICT_PROTOTYPES = YES;
				CLANG_WARN_SUSPICIOUS_MOVE = YES;
				CLANG_WARN_UNGUARDED_AVAILABILITY = YES_AGGRESSIVE;
				CLANG_WARN_UNREACHABLE_CODE = YES;
				CLANG_WARN__DUPLICATE_METHOD_MATCH = YES;
				CODE_SIGN_IDENTITY = "iPhone Developer";
				COPY_PHASE_STRIP = NO;
				DEBUG_INFORMATION_FORMAT = dwarf;
				ENABLE_STRICT_OBJC_MSGSEND = YES;
				ENABLE_TESTABILITY = YES;
				GCC_C_LANGUAGE_STANDARD = gnu11;
				GCC_DYNAMIC_NO_PIC = NO;
				GCC_NO_COMMON_BLOCKS = YES;
				GCC_OPTIMIZATION_LEVEL = 0;
				GCC_PREPROCESSOR_DEFINITIONS = (
					"DEBUG=1",
					"$(inherited)",
				);
				GCC_WARN_64_TO_32_BIT_CONVERSION = YES;
				GCC_WARN_ABOUT_RETURN_TYPE = YES_ERROR;
				GCC_WARN_UNDECLARED_SELECTOR = YES;
				GCC_WARN_UNINITIALIZED_AUTOS = YES_AGGRESSIVE;
				GCC_WARN_UNUSED_FUNCTION = YES;
				GCC_WARN_UNUSED_VARIABLE = YES;
				IPHONEOS_DEPLOYMENT_TARGET = 11.0;
				MTL_ENABLE_DEBUG_INFO = YES;
				ONLY_ACTIVE_ARCH = YES;
				SDKROOT = iphoneos;
				SWIFT_ACTIVE_COMPILATION_CONDITIONS = DEBUG;
				SWIFT_OPTIMIZATION_LEVEL = "-Onone";
			};
			name = Debug;
		};
		87550A9B2105B64200613EFF /* Release */ = {
			isa = XCBuildConfiguration;
			buildSettings = {
				ALWAYS_SEARCH_USER_PATHS = NO;
				CLANG_ANALYZER_NONNULL = YES;
				CLANG_ANALYZER_NUMBER_OBJECT_CONVERSION = YES_AGGRESSIVE;
				CLANG_CXX_LANGUAGE_STANDARD = "gnu++14";
				CLANG_CXX_LIBRARY = "libc++";
				CLANG_ENABLE_MODULES = YES;
				CLANG_ENABLE_OBJC_ARC = YES;
				CLANG_WARN_BLOCK_CAPTURE_AUTORELEASING = YES;
				CLANG_WARN_BOOL_CONVERSION = YES;
				CLANG_WARN_COMMA = YES;
				CLANG_WARN_CONSTANT_CONVERSION = YES;
				CLANG_WARN_DIRECT_OBJC_ISA_USAGE = YES_ERROR;
				CLANG_WARN_DOCUMENTATION_COMMENTS = YES;
				CLANG_WARN_EMPTY_BODY = YES;
				CLANG_WARN_ENUM_CONVERSION = YES;
				CLANG_WARN_INFINITE_RECURSION = YES;
				CLANG_WARN_INT_CONVERSION = YES;
				CLANG_WARN_NON_LITERAL_NULL_CONVERSION = YES;
				CLANG_WARN_OBJC_LITERAL_CONVERSION = YES;
				CLANG_WARN_OBJC_ROOT_CLASS = YES_ERROR;
				CLANG_WARN_RANGE_LOOP_ANALYSIS = YES;
				CLANG_WARN_STRICT_PROTOTYPES = YES;
				CLANG_WARN_SUSPICIOUS_MOVE = YES;
				CLANG_WARN_UNGUARDED_AVAILABILITY = YES_AGGRESSIVE;
				CLANG_WARN_UNREACHABLE_CODE = YES;
				CLANG_WARN__DUPLICATE_METHOD_MATCH = YES;
				CODE_SIGN_IDENTITY = "iPhone Developer";
				COPY_PHASE_STRIP = NO;
				DEBUG_INFORMATION_FORMAT = "dwarf-with-dsym";
				ENABLE_NS_ASSERTIONS = NO;
				ENABLE_STRICT_OBJC_MSGSEND = YES;
				GCC_C_LANGUAGE_STANDARD = gnu11;
				GCC_NO_COMMON_BLOCKS = YES;
				GCC_WARN_64_TO_32_BIT_CONVERSION = YES;
				GCC_WARN_ABOUT_RETURN_TYPE = YES_ERROR;
				GCC_WARN_UNDECLARED_SELECTOR = YES;
				GCC_WARN_UNINITIALIZED_AUTOS = YES_AGGRESSIVE;
				GCC_WARN_UNUSED_FUNCTION = YES;
				GCC_WARN_UNUSED_VARIABLE = YES;
				IPHONEOS_DEPLOYMENT_TARGET = 11.0;
				MTL_ENABLE_DEBUG_INFO = NO;
				SDKROOT = iphoneos;
				SWIFT_OPTIMIZATION_LEVEL = "-Owholemodule";
				VALIDATE_PRODUCT = YES;
			};
			name = Release;
		};
		87550A9D2105B64200613EFF /* Debug */ = {
			isa = XCBuildConfiguration;
			baseConfigurationReference = F3ACE73E81784C6BAB9EDE5B /* Pods-slack.debug.xcconfig */;
			buildSettings = {
				ASSETCATALOG_COMPILER_APPICON_NAME = AppIcon;
				CODE_SIGN_STYLE = Automatic;
				DEVELOPMENT_TEAM = GGN252X8S6;
				INFOPLIST_FILE = slack/Info.plist;
				LD_RUNPATH_SEARCH_PATHS = "$(inherited) @executable_path/Frameworks";
				PRODUCT_BUNDLE_IDENTIFIER = com.karlemstrand.slack;
				PRODUCT_NAME = "$(TARGET_NAME)";
				SWIFT_VERSION = 4.0;
				TARGETED_DEVICE_FAMILY = "1,2";
			};
			name = Debug;
		};
		87550A9E2105B64200613EFF /* Release */ = {
			isa = XCBuildConfiguration;
			baseConfigurationReference = 51A8DD69203973D7A86CA3B6 /* Pods-slack.release.xcconfig */;
			buildSettings = {
				ASSETCATALOG_COMPILER_APPICON_NAME = AppIcon;
				CODE_SIGN_STYLE = Automatic;
				DEVELOPMENT_TEAM = GGN252X8S6;
				INFOPLIST_FILE = slack/Info.plist;
				LD_RUNPATH_SEARCH_PATHS = "$(inherited) @executable_path/Frameworks";
				PRODUCT_BUNDLE_IDENTIFIER = com.karlemstrand.slack;
				PRODUCT_NAME = "$(TARGET_NAME)";
				SWIFT_VERSION = 4.0;
				TARGETED_DEVICE_FAMILY = "1,2";
			};
			name = Release;
		};
/* End XCBuildConfiguration section */

/* Begin XCConfigurationList section */
		87550A852105B64200613EFF /* Build configuration list for PBXProject "slack" */ = {
			isa = XCConfigurationList;
			buildConfigurations = (
				87550A9A2105B64200613EFF /* Debug */,
				87550A9B2105B64200613EFF /* Release */,
			);
			defaultConfigurationIsVisible = 0;
			defaultConfigurationName = Release;
		};
		87550A9C2105B64200613EFF /* Build configuration list for PBXNativeTarget "slack" */ = {
			isa = XCConfigurationList;
			buildConfigurations = (
				87550A9D2105B64200613EFF /* Debug */,
				87550A9E2105B64200613EFF /* Release */,
			);
			defaultConfigurationIsVisible = 0;
			defaultConfigurationName = Release;
		};
/* End XCConfigurationList section */
	};
	rootObject = 87550A822105B64200613EFF /* Project object */;
}
