// !$*UTF8*$!
{
	archiveVersion = 1;
	classes = {
	};
	objectVersion = 48;
	objects = {

/* Begin PBXBuildFile section */
		8796BCE4209D8CFE0005347F /* AppDelegate.swift in Sources */ = {isa = PBXBuildFile; fileRef = 8796BCE3209D8CFE0005347F /* AppDelegate.swift */; };
		8796BCE6209D8CFE0005347F /* MainVC.swift in Sources */ = {isa = PBXBuildFile; fileRef = 8796BCE5209D8CFE0005347F /* MainVC.swift */; };
		8796BCE9209D8CFF0005347F /* Main.storyboard in Resources */ = {isa = PBXBuildFile; fileRef = 8796BCE7209D8CFF0005347F /* Main.storyboard */; };
		8796BCEB209D8CFF0005347F /* Assets.xcassets in Resources */ = {isa = PBXBuildFile; fileRef = 8796BCEA209D8CFF0005347F /* Assets.xcassets */; };
		8796BCEE209D8CFF0005347F /* LaunchScreen.storyboard in Resources */ = {isa = PBXBuildFile; fileRef = 8796BCEC209D8CFF0005347F /* LaunchScreen.storyboard */; };
/* End PBXBuildFile section */

/* Begin PBXFileReference section */
		8796BCE0209D8CFE0005347F /* Window-Shopper.app */ = {isa = PBXFileReference; explicitFileType = wrapper.application; includeInIndex = 0; path = "Window-Shopper.app"; sourceTree = BUILT_PRODUCTS_DIR; };
		8796BCE3209D8CFE0005347F /* AppDelegate.swift */ = {isa = PBXFileReference; lastKnownFileType = sourcecode.swift; path = AppDelegate.swift; sourceTree = "<group>"; };
		8796BCE5209D8CFE0005347F /* MainVC.swift */ = {isa = PBXFileReference; lastKnownFileType = sourcecode.swift; path = MainVC.swift; sourceTree = "<group>"; };
		8796BCE8209D8CFF0005347F /* Base */ = {isa = PBXFileReference; lastKnownFileType = file.storyboard; name = Base; path = Base.lproj/Main.storyboard; sourceTree = "<group>"; };
		8796BCEA209D8CFF0005347F /* Assets.xcassets */ = {isa = PBXFileReference; lastKnownFileType = folder.assetcatalog; path = Assets.xcassets; sourceTree = "<group>"; };
		8796BCED209D8CFF0005347F /* Base */ = {isa = PBXFileReference; lastKnownFileType = file.storyboard; name = Base; path = Base.lproj/LaunchScreen.storyboard; sourceTree = "<group>"; };
		8796BCEF209D8CFF0005347F /* Info.plist */ = {isa = PBXFileReference; lastKnownFileType = text.plist.xml; path = Info.plist; sourceTree = "<group>"; };
/* End PBXFileReference section */

/* Begin PBXFrameworksBuildPhase section */
		8796BCDD209D8CFE0005347F /* Frameworks */ = {
			isa = PBXFrameworksBuildPhase;
			buildActionMask = 2147483647;
			files = (
			);
			runOnlyForDeploymentPostprocessing = 0;
		};
/* End PBXFrameworksBuildPhase section */

/* Begin PBXGroup section */
		8796BCD7209D8CFE0005347F = {
			isa = PBXGroup;
			children = (
				8796BCE2209D8CFE0005347F /* Window-Shopper */,
				8796BCE1209D8CFE0005347F /* Products */,
			);
			sourceTree = "<group>";
		};
		8796BCE1209D8CFE0005347F /* Products */ = {
			isa = PBXGroup;
			children = (
				8796BCE0209D8CFE0005347F /* Window-Shopper.app */,
			);
			name = Products;
			sourceTree = "<group>";
		};
		8796BCE2209D8CFE0005347F /* Window-Shopper */ = {
			isa = PBXGroup;
			children = (
				8796BCF5209D8D210005347F /* Controller */,
				8796BCE3209D8CFE0005347F /* AppDelegate.swift */,
				8796BCE7209D8CFF0005347F /* Main.storyboard */,
				8796BCEA209D8CFF0005347F /* Assets.xcassets */,
				8796BCEC209D8CFF0005347F /* LaunchScreen.storyboard */,
				8796BCEF209D8CFF0005347F /* Info.plist */,
			);
			path = "Window-Shopper";
			sourceTree = "<group>";
		};
		8796BCF5209D8D210005347F /* Controller */ = {
			isa = PBXGroup;
			children = (
				8796BCE5209D8CFE0005347F /* MainVC.swift */,
			);
			path = Controller;
			sourceTree = "<group>";
		};
/* End PBXGroup section */

/* Begin PBXNativeTarget section */
		8796BCDF209D8CFE0005347F /* Window-Shopper */ = {
			isa = PBXNativeTarget;
			buildConfigurationList = 8796BCF2209D8CFF0005347F /* Build configuration list for PBXNativeTarget "Window-Shopper" */;
			buildPhases = (
				8796BCDC209D8CFE0005347F /* Sources */,
				8796BCDD209D8CFE0005347F /* Frameworks */,
				8796BCDE209D8CFE0005347F /* Resources */,
			);
			buildRules = (
			);
			dependencies = (
			);
			name = "Window-Shopper";
			productName = "Window-Shopper";
			productReference = 8796BCE0209D8CFE0005347F /* Window-Shopper.app */;
			productType = "com.apple.product-type.application";
		};
/* End PBXNativeTarget section */

/* Begin PBXProject section */
		8796BCD8209D8CFE0005347F /* Project object */ = {
			isa = PBXProject;
			attributes = {
				LastSwiftUpdateCheck = 0900;
				LastUpgradeCheck = 0900;
				ORGANIZATIONNAME = "Karlemstrand AB";
				TargetAttributes = {
					8796BCDF209D8CFE0005347F = {
						CreatedOnToolsVersion = 9.0.1;
						ProvisioningStyle = Automatic;
					};
				};
			};
			buildConfigurationList = 8796BCDB209D8CFE0005347F /* Build configuration list for PBXProject "Window-Shopper" */;
			compatibilityVersion = "Xcode 8.0";
			developmentRegion = en;
			hasScannedForEncodings = 0;
			knownRegions = (
				en,
				Base,
			);
			mainGroup = 8796BCD7209D8CFE0005347F;
			productRefGroup = 8796BCE1209D8CFE0005347F /* Products */;
			projectDirPath = "";
			projectRoot = "";
			targets = (
				8796BCDF209D8CFE0005347F /* Window-Shopper */,
			);
		};
/* End PBXProject section */

/* Begin PBXResourcesBuildPhase section */
		8796BCDE209D8CFE0005347F /* Resources */ = {
			isa = PBXResourcesBuildPhase;
			buildActionMask = 2147483647;
			files = (
				8796BCEE209D8CFF0005347F /* LaunchScreen.storyboard in Resources */,
				8796BCEB209D8CFF0005347F /* Assets.xcassets in Resources */,
				8796BCE9209D8CFF0005347F /* Main.storyboard in Resources */,
			);
			runOnlyForDeploymentPostprocessing = 0;
		};
/* End PBXResourcesBuildPhase section */

/* Begin PBXSourcesBuildPhase section */
		8796BCDC209D8CFE0005347F /* Sources */ = {
			isa = PBXSourcesBuildPhase;
			buildActionMask = 2147483647;
			files = (
				8796BCE6209D8CFE0005347F /* MainVC.swift in Sources */,
				8796BCE4209D8CFE0005347F /* AppDelegate.swift in Sources */,
			);
			runOnlyForDeploymentPostprocessing = 0;
		};
/* End PBXSourcesBuildPhase section */

/* Begin PBXVariantGroup section */
		8796BCE7209D8CFF0005347F /* Main.storyboard */ = {
			isa = PBXVariantGroup;
			children = (
				8796BCE8209D8CFF0005347F /* Base */,
			);
			name = Main.storyboard;
			sourceTree = "<group>";
		};
		8796BCEC209D8CFF0005347F /* LaunchScreen.storyboard */ = {
			isa = PBXVariantGroup;
			children = (
				8796BCED209D8CFF0005347F /* Base */,
			);
			name = LaunchScreen.storyboard;
			sourceTree = "<group>";
		};
/* End PBXVariantGroup section */

/* Begin XCBuildConfiguration section */
		8796BCF0209D8CFF0005347F /* Debug */ = {
			isa = XCBuildConfiguration;
			buildSettings = {
				ALWAYS_SEARCH_USER_PATHS = NO;
				CLANG_ANALYZER_NONNULL = YES;
				CLANG_ANALYZER_NUMBER_OBJECT_CONVERSION = YES_AGGRESSIVE;
				CLANG_CXX_LANGUAGE_STANDARD = "gnu++14";
				CLANG_CXX_LIBRARY = "libc++";
				CLANG_ENABLE_MODULES = YES;
				CLANG_ENABLE_OBJC_ARC = YES;
				CLANG_WARN_BLOCK_CAPTURE_AUTORELEASING = YES;
				CLANG_WARN_BOOL_CONVERSION = YES;
				CLANG_WARN_COMMA = YES;
				CLANG_WARN_CONSTANT_CONVERSION = YES;
				CLANG_WARN_DIRECT_OBJC_ISA_USAGE = YES_ERROR;
				CLANG_WARN_DOCUMENTATION_COMMENTS = YES;
				CLANG_WARN_EMPTY_BODY = YES;
				CLANG_WARN_ENUM_CONVERSION = YES;
				CLANG_WARN_INFINITE_RECURSION = YES;
				CLANG_WARN_INT_CONVERSION = YES;
				CLANG_WARN_NON_LITERAL_NULL_CONVERSION = YES;
				CLANG_WARN_OBJC_LITERAL_CONVERSION = YES;
				CLANG_WARN_OBJC_ROOT_CLASS = YES_ERROR;
				CLANG_WARN_RANGE_LOOP_ANALYSIS = YES;
				CLANG_WARN_STRICT_PROTOTYPES = YES;
				CLANG_WARN_SUSPICIOUS_MOVE = YES;
				CLANG_WARN_UNGUARDED_AVAILABILITY = YES_AGGRESSIVE;
				CLANG_WARN_UNREACHABLE_CODE = YES;
				CLANG_WARN__DUPLICATE_METHOD_MATCH = YES;
				CODE_SIGN_IDENTITY = "iPhone Developer";
				COPY_PHASE_STRIP = NO;
				DEBUG_INFORMATION_FORMAT = dwarf;
				ENABLE_STRICT_OBJC_MSGSEND = YES;
				ENABLE_TESTABILITY = YES;
				GCC_C_LANGUAGE_STANDARD = gnu11;
				GCC_DYNAMIC_NO_PIC = NO;
				GCC_NO_COMMON_BLOCKS = YES;
				GCC_OPTIMIZATION_LEVEL = 0;
				GCC_PREPROCESSOR_DEFINITIONS = (
					"DEBUG=1",
					"$(inherited)",
				);
				GCC_WARN_64_TO_32_BIT_CONVERSION = YES;
				GCC_WARN_ABOUT_RETURN_TYPE = YES_ERROR;
				GCC_WARN_UNDECLARED_SELECTOR = YES;
				GCC_WARN_UNINITIALIZED_AUTOS = YES_AGGRESSIVE;
				GCC_WARN_UNUSED_FUNCTION = YES;
				GCC_WARN_UNUSED_VARIABLE = YES;
				IPHONEOS_DEPLOYMENT_TARGET = 11.0;
				MTL_ENABLE_DEBUG_INFO = YES;
				ONLY_ACTIVE_ARCH = YES;
				SDKROOT = iphoneos;
				SWIFT_ACTIVE_COMPILATION_CONDITIONS = DEBUG;
				SWIFT_OPTIMIZATION_LEVEL = "-Onone";
			};
			name = Debug;
		};
		8796BCF1209D8CFF0005347F /* Release */ = {
			isa = XCBuildConfiguration;
			buildSettings = {
				ALWAYS_SEARCH_USER_PATHS = NO;
				CLANG_ANALYZER_NONNULL = YES;
				CLANG_ANALYZER_NUMBER_OBJECT_CONVERSION = YES_AGGRESSIVE;
				CLANG_CXX_LANGUAGE_STANDARD = "gnu++14";
				CLANG_CXX_LIBRARY = "libc++";
				CLANG_ENABLE_MODULES = YES;
				CLANG_ENABLE_OBJC_ARC = YES;
				CLANG_WARN_BLOCK_CAPTURE_AUTORELEASING = YES;
				CLANG_WARN_BOOL_CONVERSION = YES;
				CLANG_WARN_COMMA = YES;
				CLANG_WARN_CONSTANT_CONVERSION = YES;
				CLANG_WARN_DIRECT_OBJC_ISA_USAGE = YES_ERROR;
				CLANG_WARN_DOCUMENTATION_COMMENTS = YES;
				CLANG_WARN_EMPTY_BODY = YES;
				CLANG_WARN_ENUM_CONVERSION = YES;
				CLANG_WARN_INFINITE_RECURSION = YES;
				CLANG_WARN_INT_CONVERSION = YES;
				CLANG_WARN_NON_LITERAL_NULL_CONVERSION = YES;
				CLANG_WARN_OBJC_LITERAL_CONVERSION = YES;
				CLANG_WARN_OBJC_ROOT_CLASS = YES_ERROR;
				CLANG_WARN_RANGE_LOOP_ANALYSIS = YES;
				CLANG_WARN_STRICT_PROTOTYPES = YES;
				CLANG_WARN_SUSPICIOUS_MOVE = YES;
				CLANG_WARN_UNGUARDED_AVAILABILITY = YES_AGGRESSIVE;
				CLANG_WARN_UNREACHABLE_CODE = YES;
				CLANG_WARN__DUPLICATE_METHOD_MATCH = YES;
				CODE_SIGN_IDENTITY = "iPhone Developer";
				COPY_PHASE_STRIP = NO;
				DEBUG_INFORMATION_FORMAT = "dwarf-with-dsym";
				ENABLE_NS_ASSERTIONS = NO;
				ENABLE_STRICT_OBJC_MSGSEND = YES;
				GCC_C_LANGUAGE_STANDARD = gnu11;
				GCC_NO_COMMON_BLOCKS = YES;
				GCC_WARN_64_TO_32_BIT_CONVERSION = YES;
				GCC_WARN_ABOUT_RETURN_TYPE = YES_ERROR;
				GCC_WARN_UNDECLARED_SELECTOR = YES;
				GCC_WARN_UNINITIALIZED_AUTOS = YES_AGGRESSIVE;
				GCC_WARN_UNUSED_FUNCTION = YES;
				GCC_WARN_UNUSED_VARIABLE = YES;
				IPHONEOS_DEPLOYMENT_TARGET = 11.0;
				MTL_ENABLE_DEBUG_INFO = NO;
				SDKROOT = iphoneos;
				SWIFT_OPTIMIZATION_LEVEL = "-Owholemodule";
				VALIDATE_PRODUCT = YES;
			};
			name = Release;
		};
		8796BCF3209D8CFF0005347F /* Debug */ = {
			isa = XCBuildConfiguration;
			buildSettings = {
				ASSETCATALOG_COMPILER_APPICON_NAME = AppIcon;
				CODE_SIGN_STYLE = Automatic;
				DEVELOPMENT_TEAM = GGN252X8S6;
				INFOPLIST_FILE = "Window-Shopper/Info.plist";
				IPHONEOS_DEPLOYMENT_TARGET = 9.3;
				LD_RUNPATH_SEARCH_PATHS = "$(inherited) @executable_path/Frameworks";
				PRODUCT_BUNDLE_IDENTIFIER = "com.karlemstrand.Window-Shopper";
				PRODUCT_NAME = "$(TARGET_NAME)";
				SWIFT_VERSION = 4.0;
				TARGETED_DEVICE_FAMILY = "1,2";
			};
			name = Debug;
		};
		8796BCF4209D8CFF0005347F /* Release */ = {
			isa = XCBuildConfiguration;
			buildSettings = {
				ASSETCATALOG_COMPILER_APPICON_NAME = AppIcon;
				CODE_SIGN_STYLE = Automatic;
				DEVELOPMENT_TEAM = GGN252X8S6;
				INFOPLIST_FILE = "Window-Shopper/Info.plist";
				IPHONEOS_DEPLOYMENT_TARGET = 9.3;
				LD_RUNPATH_SEARCH_PATHS = "$(inherited) @executable_path/Frameworks";
				PRODUCT_BUNDLE_IDENTIFIER = "com.karlemstrand.Window-Shopper";
				PRODUCT_NAME = "$(TARGET_NAME)";
				SWIFT_VERSION = 4.0;
				TARGETED_DEVICE_FAMILY = "1,2";
			};
			name = Release;
		};
/* End XCBuildConfiguration section */

/* Begin XCConfigurationList section */
		8796BCDB209D8CFE0005347F /* Build configuration list for PBXProject "Window-Shopper" */ = {
			isa = XCConfigurationList;
			buildConfigurations = (
				8796BCF0209D8CFF0005347F /* Debug */,
				8796BCF1209D8CFF0005347F /* Release */,
			);
			defaultConfigurationIsVisible = 0;
			defaultConfigurationName = Release;
		};
		8796BCF2209D8CFF0005347F /* Build configuration list for PBXNativeTarget "Window-Shopper" */ = {
			isa = XCConfigurationList;
			buildConfigurations = (
				8796BCF3209D8CFF0005347F /* Debug */,
				8796BCF4209D8CFF0005347F /* Release */,
			);
			defaultConfigurationIsVisible = 0;
			defaultConfigurationName = Release;
		};
/* End XCConfigurationList section */
	};
	rootObject = 8796BCD8209D8CFE0005347F /* Project object */;
}
