// !$*UTF8*$!
{
	archiveVersion = 1;
	classes = {
	};
	objectVersion = 48;
	objects = {

/* Begin PBXBuildFile section */
		870C7A1220C9B4D600C7EBD9 /* AppDelegate.swift in Sources */ = {isa = PBXBuildFile; fileRef = 870C7A1120C9B4D600C7EBD9 /* AppDelegate.swift */; };
		870C7A1420C9B4D600C7EBD9 /* CategoriesVC.swift in Sources */ = {isa = PBXBuildFile; fileRef = 870C7A1320C9B4D600C7EBD9 /* CategoriesVC.swift */; };
		870C7A1720C9B4D600C7EBD9 /* Main.storyboard in Resources */ = {isa = PBXBuildFile; fileRef = 870C7A1520C9B4D600C7EBD9 /* Main.storyboard */; };
		870C7A1920C9B4D600C7EBD9 /* Assets.xcassets in Resources */ = {isa = PBXBuildFile; fileRef = 870C7A1820C9B4D600C7EBD9 /* Assets.xcassets */; };
		870C7A1C20C9B4D600C7EBD9 /* LaunchScreen.storyboard in Resources */ = {isa = PBXBuildFile; fileRef = 870C7A1A20C9B4D600C7EBD9 /* LaunchScreen.storyboard */; };
		8767FB2220E15AE000EDC776 /* ProductsVC.swift in Sources */ = {isa = PBXBuildFile; fileRef = 8767FB2120E15AE000EDC776 /* ProductsVC.swift */; };
		87693CB620C9BB3900622313 /* CategoryTableViewCell.swift in Sources */ = {isa = PBXBuildFile; fileRef = 87693CB520C9BB3900622313 /* CategoryTableViewCell.swift */; };
		87693CBB20C9C80400622313 /* DataService.swift in Sources */ = {isa = PBXBuildFile; fileRef = 87693CBA20C9C80400622313 /* DataService.swift */; };
		87693CBD20C9CAC100622313 /* Category.swift in Sources */ = {isa = PBXBuildFile; fileRef = 87693CBC20C9CAC100622313 /* Category.swift */; };
		87B8DB4220D0F8D60036EC42 /* ProductCollectionViewCell.swift in Sources */ = {isa = PBXBuildFile; fileRef = 87B8DB4120D0F8D60036EC42 /* ProductCollectionViewCell.swift */; };
		87B8DB4420D9893E0036EC42 /* Product.swift in Sources */ = {isa = PBXBuildFile; fileRef = 87B8DB4320D9893E0036EC42 /* Product.swift */; };
/* End PBXBuildFile section */

/* Begin PBXFileReference section */
		870C7A0E20C9B4D600C7EBD9 /* Coder-Swag.app */ = {isa = PBXFileReference; explicitFileType = wrapper.application; includeInIndex = 0; path = "Coder-Swag.app"; sourceTree = BUILT_PRODUCTS_DIR; };
		870C7A1120C9B4D600C7EBD9 /* AppDelegate.swift */ = {isa = PBXFileReference; lastKnownFileType = sourcecode.swift; path = AppDelegate.swift; sourceTree = "<group>"; };
		870C7A1320C9B4D600C7EBD9 /* CategoriesVC.swift */ = {isa = PBXFileReference; lastKnownFileType = sourcecode.swift; path = CategoriesVC.swift; sourceTree = "<group>"; };
		870C7A1620C9B4D600C7EBD9 /* Base */ = {isa = PBXFileReference; lastKnownFileType = file.storyboard; name = Base; path = Base.lproj/Main.storyboard; sourceTree = "<group>"; };
		870C7A1820C9B4D600C7EBD9 /* Assets.xcassets */ = {isa = PBXFileReference; lastKnownFileType = folder.assetcatalog; path = Assets.xcassets; sourceTree = "<group>"; };
		870C7A1B20C9B4D600C7EBD9 /* Base */ = {isa = PBXFileReference; lastKnownFileType = file.storyboard; name = Base; path = Base.lproj/LaunchScreen.storyboard; sourceTree = "<group>"; };
		870C7A1D20C9B4D600C7EBD9 /* Info.plist */ = {isa = PBXFileReference; lastKnownFileType = text.plist.xml; path = Info.plist; sourceTree = "<group>"; };
		8767FB2120E15AE000EDC776 /* ProductsVC.swift */ = {isa = PBXFileReference; lastKnownFileType = sourcecode.swift; path = ProductsVC.swift; sourceTree = "<group>"; };
		87693CB520C9BB3900622313 /* CategoryTableViewCell.swift */ = {isa = PBXFileReference; lastKnownFileType = sourcecode.swift; path = CategoryTableViewCell.swift; sourceTree = "<group>"; };
		87693CBA20C9C80400622313 /* DataService.swift */ = {isa = PBXFileReference; lastKnownFileType = sourcecode.swift; path = DataService.swift; sourceTree = "<group>"; };
		87693CBC20C9CAC100622313 /* Category.swift */ = {isa = PBXFileReference; lastKnownFileType = sourcecode.swift; path = Category.swift; sourceTree = "<group>"; };
		87B8DB4120D0F8D60036EC42 /* ProductCollectionViewCell.swift */ = {isa = PBXFileReference; lastKnownFileType = sourcecode.swift; path = ProductCollectionViewCell.swift; sourceTree = "<group>"; };
		87B8DB4320D9893E0036EC42 /* Product.swift */ = {isa = PBXFileReference; lastKnownFileType = sourcecode.swift; path = Product.swift; sourceTree = "<group>"; };
/* End PBXFileReference section */

/* Begin PBXFrameworksBuildPhase section */
		870C7A0B20C9B4D600C7EBD9 /* Frameworks */ = {
			isa = PBXFrameworksBuildPhase;
			buildActionMask = 2147483647;
			files = (
			);
			runOnlyForDeploymentPostprocessing = 0;
		};
/* End PBXFrameworksBuildPhase section */

/* Begin PBXGroup section */
		870C7A0520C9B4D600C7EBD9 = {
			isa = PBXGroup;
			children = (
				870C7A1020C9B4D600C7EBD9 /* Coder-Swag */,
				870C7A0F20C9B4D600C7EBD9 /* Products */,
			);
			sourceTree = "<group>";
		};
		870C7A0F20C9B4D600C7EBD9 /* Products */ = {
			isa = PBXGroup;
			children = (
				870C7A0E20C9B4D600C7EBD9 /* Coder-Swag.app */,
			);
			name = Products;
			sourceTree = "<group>";
		};
		870C7A1020C9B4D600C7EBD9 /* Coder-Swag */ = {
			isa = PBXGroup;
			children = (
				87693CB920C9C7CD00622313 /* Services */,
				87693CB420C9BAB700622313 /* View */,
				87693CB320C9BAAE00622313 /* Model */,
				87693CB220C9BA9400622313 /* Controller */,
				870C7A1120C9B4D600C7EBD9 /* AppDelegate.swift */,
				870C7A1520C9B4D600C7EBD9 /* Main.storyboard */,
				870C7A1820C9B4D600C7EBD9 /* Assets.xcassets */,
				870C7A1A20C9B4D600C7EBD9 /* LaunchScreen.storyboard */,
				870C7A1D20C9B4D600C7EBD9 /* Info.plist */,
			);
			path = "Coder-Swag";
			sourceTree = "<group>";
		};
		87693CB220C9BA9400622313 /* Controller */ = {
			isa = PBXGroup;
			children = (
				870C7A1320C9B4D600C7EBD9 /* CategoriesVC.swift */,
				8767FB2120E15AE000EDC776 /* ProductsVC.swift */,
			);
			path = Controller;
			sourceTree = "<group>";
		};
		87693CB320C9BAAE00622313 /* Model */ = {
			isa = PBXGroup;
			children = (
				87693CBC20C9CAC100622313 /* Category.swift */,
				87B8DB4320D9893E0036EC42 /* Product.swift */,
			);
			path = Model;
			sourceTree = "<group>";
		};
		87693CB420C9BAB700622313 /* View */ = {
			isa = PBXGroup;
			children = (
				87693CB520C9BB3900622313 /* CategoryTableViewCell.swift */,
				87B8DB4120D0F8D60036EC42 /* ProductCollectionViewCell.swift */,
			);
			path = View;
			sourceTree = "<group>";
		};
		87693CB920C9C7CD00622313 /* Services */ = {
			isa = PBXGroup;
			children = (
				87693CBA20C9C80400622313 /* DataService.swift */,
			);
			path = Services;
			sourceTree = "<group>";
		};
/* End PBXGroup section */

/* Begin PBXNativeTarget section */
		870C7A0D20C9B4D600C7EBD9 /* Coder-Swag */ = {
			isa = PBXNativeTarget;
			buildConfigurationList = 870C7A2020C9B4D600C7EBD9 /* Build configuration list for PBXNativeTarget "Coder-Swag" */;
			buildPhases = (
				870C7A0A20C9B4D600C7EBD9 /* Sources */,
				870C7A0B20C9B4D600C7EBD9 /* Frameworks */,
				870C7A0C20C9B4D600C7EBD9 /* Resources */,
			);
			buildRules = (
			);
			dependencies = (
			);
			name = "Coder-Swag";
			productName = "Coder-Swag";
			productReference = 870C7A0E20C9B4D600C7EBD9 /* Coder-Swag.app */;
			productType = "com.apple.product-type.application";
		};
/* End PBXNativeTarget section */

/* Begin PBXProject section */
		870C7A0620C9B4D600C7EBD9 /* Project object */ = {
			isa = PBXProject;
			attributes = {
				LastSwiftUpdateCheck = 0900;
				LastUpgradeCheck = 0900;
				ORGANIZATIONNAME = "Roderick Karlemstrand";
				TargetAttributes = {
					870C7A0D20C9B4D600C7EBD9 = {
						CreatedOnToolsVersion = 9.0;
						ProvisioningStyle = Automatic;
					};
				};
			};
			buildConfigurationList = 870C7A0920C9B4D600C7EBD9 /* Build configuration list for PBXProject "Coder-Swag" */;
			compatibilityVersion = "Xcode 8.0";
			developmentRegion = en;
			hasScannedForEncodings = 0;
			knownRegions = (
				en,
				Base,
			);
			mainGroup = 870C7A0520C9B4D600C7EBD9;
			productRefGroup = 870C7A0F20C9B4D600C7EBD9 /* Products */;
			projectDirPath = "";
			projectRoot = "";
			targets = (
				870C7A0D20C9B4D600C7EBD9 /* Coder-Swag */,
			);
		};
/* End PBXProject section */

/* Begin PBXResourcesBuildPhase section */
		870C7A0C20C9B4D600C7EBD9 /* Resources */ = {
			isa = PBXResourcesBuildPhase;
			buildActionMask = 2147483647;
			files = (
				870C7A1C20C9B4D600C7EBD9 /* LaunchScreen.storyboard in Resources */,
				870C7A1920C9B4D600C7EBD9 /* Assets.xcassets in Resources */,
				870C7A1720C9B4D600C7EBD9 /* Main.storyboard in Resources */,
			);
			runOnlyForDeploymentPostprocessing = 0;
		};
/* End PBXResourcesBuildPhase section */

/* Begin PBXSourcesBuildPhase section */
		870C7A0A20C9B4D600C7EBD9 /* Sources */ = {
			isa = PBXSourcesBuildPhase;
			buildActionMask = 2147483647;
			files = (
				8767FB2220E15AE000EDC776 /* ProductsVC.swift in Sources */,
				870C7A1420C9B4D600C7EBD9 /* CategoriesVC.swift in Sources */,
				870C7A1220C9B4D600C7EBD9 /* AppDelegate.swift in Sources */,
				87693CB620C9BB3900622313 /* CategoryTableViewCell.swift in Sources */,
				87693CBB20C9C80400622313 /* DataService.swift in Sources */,
				87B8DB4220D0F8D60036EC42 /* ProductCollectionViewCell.swift in Sources */,
				87693CBD20C9CAC100622313 /* Category.swift in Sources */,
				87B8DB4420D9893E0036EC42 /* Product.swift in Sources */,
			);
			runOnlyForDeploymentPostprocessing = 0;
		};
/* End PBXSourcesBuildPhase section */

/* Begin PBXVariantGroup section */
		870C7A1520C9B4D600C7EBD9 /* Main.storyboard */ = {
			isa = PBXVariantGroup;
			children = (
				870C7A1620C9B4D600C7EBD9 /* Base */,
			);
			name = Main.storyboard;
			sourceTree = "<group>";
		};
		870C7A1A20C9B4D600C7EBD9 /* LaunchScreen.storyboard */ = {
			isa = PBXVariantGroup;
			children = (
				870C7A1B20C9B4D600C7EBD9 /* Base */,
			);
			name = LaunchScreen.storyboard;
			sourceTree = "<group>";
		};
/* End PBXVariantGroup section */

/* Begin XCBuildConfiguration section */
		870C7A1E20C9B4D600C7EBD9 /* Debug */ = {
			isa = XCBuildConfiguration;
			buildSettings = {
				ALWAYS_SEARCH_USER_PATHS = NO;
				CLANG_ANALYZER_NONNULL = YES;
				CLANG_ANALYZER_NUMBER_OBJECT_CONVERSION = YES_AGGRESSIVE;
				CLANG_CXX_LANGUAGE_STANDARD = "gnu++14";
				CLANG_CXX_LIBRARY = "libc++";
				CLANG_ENABLE_MODULES = YES;
				CLANG_ENABLE_OBJC_ARC = YES;
				CLANG_WARN_BLOCK_CAPTURE_AUTORELEASING = YES;
				CLANG_WARN_BOOL_CONVERSION = YES;
				CLANG_WARN_COMMA = YES;
				CLANG_WARN_CONSTANT_CONVERSION = YES;
				CLANG_WARN_DIRECT_OBJC_ISA_USAGE = YES_ERROR;
				CLANG_WARN_DOCUMENTATION_COMMENTS = YES;
				CLANG_WARN_EMPTY_BODY = YES;
				CLANG_WARN_ENUM_CONVERSION = YES;
				CLANG_WARN_INFINITE_RECURSION = YES;
				CLANG_WARN_INT_CONVERSION = YES;
				CLANG_WARN_NON_LITERAL_NULL_CONVERSION = YES;
				CLANG_WARN_OBJC_LITERAL_CONVERSION = YES;
				CLANG_WARN_OBJC_ROOT_CLASS = YES_ERROR;
				CLANG_WARN_RANGE_LOOP_ANALYSIS = YES;
				CLANG_WARN_STRICT_PROTOTYPES = YES;
				CLANG_WARN_SUSPICIOUS_MOVE = YES;
				CLANG_WARN_UNGUARDED_AVAILABILITY = YES_AGGRESSIVE;
				CLANG_WARN_UNREACHABLE_CODE = YES;
				CLANG_WARN__DUPLICATE_METHOD_MATCH = YES;
				CODE_SIGN_IDENTITY = "iPhone Developer";
				COPY_PHASE_STRIP = NO;
				DEBUG_INFORMATION_FORMAT = dwarf;
				ENABLE_STRICT_OBJC_MSGSEND = YES;
				ENABLE_TESTABILITY = YES;
				GCC_C_LANGUAGE_STANDARD = gnu11;
				GCC_DYNAMIC_NO_PIC = NO;
				GCC_NO_COMMON_BLOCKS = YES;
				GCC_OPTIMIZATION_LEVEL = 0;
				GCC_PREPROCESSOR_DEFINITIONS = (
					"DEBUG=1",
					"$(inherited)",
				);
				GCC_WARN_64_TO_32_BIT_CONVERSION = YES;
				GCC_WARN_ABOUT_RETURN_TYPE = YES_ERROR;
				GCC_WARN_UNDECLARED_SELECTOR = YES;
				GCC_WARN_UNINITIALIZED_AUTOS = YES_AGGRESSIVE;
				GCC_WARN_UNUSED_FUNCTION = YES;
				GCC_WARN_UNUSED_VARIABLE = YES;
				IPHONEOS_DEPLOYMENT_TARGET = 11.0;
				MTL_ENABLE_DEBUG_INFO = YES;
				ONLY_ACTIVE_ARCH = YES;
				SDKROOT = iphoneos;
				SWIFT_ACTIVE_COMPILATION_CONDITIONS = DEBUG;
				SWIFT_OPTIMIZATION_LEVEL = "-Onone";
			};
			name = Debug;
		};
		870C7A1F20C9B4D600C7EBD9 /* Release */ = {
			isa = XCBuildConfiguration;
			buildSettings = {
				ALWAYS_SEARCH_USER_PATHS = NO;
				CLANG_ANALYZER_NONNULL = YES;
				CLANG_ANALYZER_NUMBER_OBJECT_CONVERSION = YES_AGGRESSIVE;
				CLANG_CXX_LANGUAGE_STANDARD = "gnu++14";
				CLANG_CXX_LIBRARY = "libc++";
				CLANG_ENABLE_MODULES = YES;
				CLANG_ENABLE_OBJC_ARC = YES;
				CLANG_WARN_BLOCK_CAPTURE_AUTORELEASING = YES;
				CLANG_WARN_BOOL_CONVERSION = YES;
				CLANG_WARN_COMMA = YES;
				CLANG_WARN_CONSTANT_CONVERSION = YES;
				CLANG_WARN_DIRECT_OBJC_ISA_USAGE = YES_ERROR;
				CLANG_WARN_DOCUMENTATION_COMMENTS = YES;
				CLANG_WARN_EMPTY_BODY = YES;
				CLANG_WARN_ENUM_CONVERSION = YES;
				CLANG_WARN_INFINITE_RECURSION = YES;
				CLANG_WARN_INT_CONVERSION = YES;
				CLANG_WARN_NON_LITERAL_NULL_CONVERSION = YES;
				CLANG_WARN_OBJC_LITERAL_CONVERSION = YES;
				CLANG_WARN_OBJC_ROOT_CLASS = YES_ERROR;
				CLANG_WARN_RANGE_LOOP_ANALYSIS = YES;
				CLANG_WARN_STRICT_PROTOTYPES = YES;
				CLANG_WARN_SUSPICIOUS_MOVE = YES;
				CLANG_WARN_UNGUARDED_AVAILABILITY = YES_AGGRESSIVE;
				CLANG_WARN_UNREACHABLE_CODE = YES;
				CLANG_WARN__DUPLICATE_METHOD_MATCH = YES;
				CODE_SIGN_IDENTITY = "iPhone Developer";
				COPY_PHASE_STRIP = NO;
				DEBUG_INFORMATION_FORMAT = "dwarf-with-dsym";
				ENABLE_NS_ASSERTIONS = NO;
				ENABLE_STRICT_OBJC_MSGSEND = YES;
				GCC_C_LANGUAGE_STANDARD = gnu11;
				GCC_NO_COMMON_BLOCKS = YES;
				GCC_WARN_64_TO_32_BIT_CONVERSION = YES;
				GCC_WARN_ABOUT_RETURN_TYPE = YES_ERROR;
				GCC_WARN_UNDECLARED_SELECTOR = YES;
				GCC_WARN_UNINITIALIZED_AUTOS = YES_AGGRESSIVE;
				GCC_WARN_UNUSED_FUNCTION = YES;
				GCC_WARN_UNUSED_VARIABLE = YES;
				IPHONEOS_DEPLOYMENT_TARGET = 11.0;
				MTL_ENABLE_DEBUG_INFO = NO;
				SDKROOT = iphoneos;
				SWIFT_OPTIMIZATION_LEVEL = "-Owholemodule";
				VALIDATE_PRODUCT = YES;
			};
			name = Release;
		};
		870C7A2120C9B4D600C7EBD9 /* Debug */ = {
			isa = XCBuildConfiguration;
			buildSettings = {
				ASSETCATALOG_COMPILER_APPICON_NAME = AppIcon;
				CODE_SIGN_STYLE = Automatic;
				INFOPLIST_FILE = "Coder-Swag/Info.plist";
				LD_RUNPATH_SEARCH_PATHS = "$(inherited) @executable_path/Frameworks";
				PRODUCT_BUNDLE_IDENTIFIER = "com.karlemstrand.Coder-Swag";
				PRODUCT_NAME = "$(TARGET_NAME)";
				SWIFT_VERSION = 4.0;
				TARGETED_DEVICE_FAMILY = "1,2";
			};
			name = Debug;
		};
		870C7A2220C9B4D600C7EBD9 /* Release */ = {
			isa = XCBuildConfiguration;
			buildSettings = {
				ASSETCATALOG_COMPILER_APPICON_NAME = AppIcon;
				CODE_SIGN_STYLE = Automatic;
				INFOPLIST_FILE = "Coder-Swag/Info.plist";
				LD_RUNPATH_SEARCH_PATHS = "$(inherited) @executable_path/Frameworks";
				PRODUCT_BUNDLE_IDENTIFIER = "com.karlemstrand.Coder-Swag";
				PRODUCT_NAME = "$(TARGET_NAME)";
				SWIFT_VERSION = 4.0;
				TARGETED_DEVICE_FAMILY = "1,2";
			};
			name = Release;
		};
/* End XCBuildConfiguration section */

/* Begin XCConfigurationList section */
		870C7A0920C9B4D600C7EBD9 /* Build configuration list for PBXProject "Coder-Swag" */ = {
			isa = XCConfigurationList;
			buildConfigurations = (
				870C7A1E20C9B4D600C7EBD9 /* Debug */,
				870C7A1F20C9B4D600C7EBD9 /* Release */,
			);
			defaultConfigurationIsVisible = 0;
			defaultConfigurationName = Release;
		};
		870C7A2020C9B4D600C7EBD9 /* Build configuration list for PBXNativeTarget "Coder-Swag" */ = {
			isa = XCConfigurationList;
			buildConfigurations = (
				870C7A2120C9B4D600C7EBD9 /* Debug */,
				870C7A2220C9B4D600C7EBD9 /* Release */,
			);
			defaultConfigurationIsVisible = 0;
			defaultConfigurationName = Release;
		};
/* End XCConfigurationList section */
	};
	rootObject = 870C7A0620C9B4D600C7EBD9 /* Project object */;
}
