// !$*UTF8*$!
{
	archiveVersion = 1;
	classes = {
	};
	objectVersion = 48;
	objects = {

/* Begin PBXBuildFile section */
		72CEA412605F417B799C9B6A /* Pods_Smack___a_Slack_clone.framework in Frameworks */ = {isa = PBXBuildFile; fileRef = 9CFCC23A8CC3648D3A601306 /* Pods_Smack___a_Slack_clone.framework */; };
		871390BD21077DFC00D73E3F /* authService.swift in Sources */ = {isa = PBXBuildFile; fileRef = 871390BC21077DFC00D73E3F /* authService.swift */; };
		871838E821062EEE00253E9B /* CreateAccountVC.swift in Sources */ = {isa = PBXBuildFile; fileRef = 871838E721062EEE00253E9B /* CreateAccountVC.swift */; };
		87191864210A314A00953F49 /* UserDataService.swift in Sources */ = {isa = PBXBuildFile; fileRef = 87191863210A314A00953F49 /* UserDataService.swift */; };
		871C3ACF2104667F00CCFA82 /* GradientView.swift in Sources */ = {isa = PBXBuildFile; fileRef = 871C3ACE2104667F00CCFA82 /* GradientView.swift */; };
		871C3AD221047A8300CCFA82 /* Constants.swift in Sources */ = {isa = PBXBuildFile; fileRef = 871C3AD121047A8300CCFA82 /* Constants.swift */; };
		876EDC1520FF84B500B27D99 /* AppDelegate.swift in Sources */ = {isa = PBXBuildFile; fileRef = 876EDC1420FF84B500B27D99 /* AppDelegate.swift */; };
		876EDC1720FF84B500B27D99 /* ChatVC.swift in Sources */ = {isa = PBXBuildFile; fileRef = 876EDC1620FF84B500B27D99 /* ChatVC.swift */; };
		876EDC1A20FF84B500B27D99 /* Main.storyboard in Resources */ = {isa = PBXBuildFile; fileRef = 876EDC1820FF84B500B27D99 /* Main.storyboard */; };
		876EDC1C20FF84B500B27D99 /* Assets.xcassets in Resources */ = {isa = PBXBuildFile; fileRef = 876EDC1B20FF84B500B27D99 /* Assets.xcassets */; };
		876EDC1F20FF84B500B27D99 /* LaunchScreen.storyboard in Resources */ = {isa = PBXBuildFile; fileRef = 876EDC1D20FF84B500B27D99 /* LaunchScreen.storyboard */; };
		876EDC4820FFA8D200B27D99 /* ChannelVC.swift in Sources */ = {isa = PBXBuildFile; fileRef = 876EDC4720FFA8D200B27D99 /* ChannelVC.swift */; };
		876EDC4B20FFC06800B27D99 /* SWRevealViewController.m in Sources */ = {isa = PBXBuildFile; fileRef = 876EDC4520FFA64700B27D99 /* SWRevealViewController.m */; };
		877F3063210614E7005294F4 /* LoginVC.swift in Sources */ = {isa = PBXBuildFile; fileRef = 877F3062210614E7005294F4 /* LoginVC.swift */; };
		87DD49452108F1CA00B9A31B /* RoundedBtn.swift in Sources */ = {isa = PBXBuildFile; fileRef = 87DD49442108F1CA00B9A31B /* RoundedBtn.swift */; };
/* End PBXBuildFile section */

/* Begin PBXFileReference section */
		56430CBCE7F4873D727F1FF0 /* Pods-Smack - a Slack clone.debug.xcconfig */ = {isa = PBXFileReference; includeInIndex = 1; lastKnownFileType = text.xcconfig; name = "Pods-Smack - a Slack clone.debug.xcconfig"; path = "Pods/Target Support Files/Pods-Smack - a Slack clone/Pods-Smack - a Slack clone.debug.xcconfig"; sourceTree = "<group>"; };
		871390BC21077DFC00D73E3F /* authService.swift */ = {isa = PBXFileReference; lastKnownFileType = sourcecode.swift; path = authService.swift; sourceTree = "<group>"; };
		871838E721062EEE00253E9B /* CreateAccountVC.swift */ = {isa = PBXFileReference; lastKnownFileType = sourcecode.swift; path = CreateAccountVC.swift; sourceTree = "<group>"; };
		87191863210A314A00953F49 /* UserDataService.swift */ = {isa = PBXFileReference; lastKnownFileType = sourcecode.swift; path = UserDataService.swift; sourceTree = "<group>"; };
		871C3ACE2104667F00CCFA82 /* GradientView.swift */ = {isa = PBXFileReference; lastKnownFileType = sourcecode.swift; path = GradientView.swift; sourceTree = "<group>"; };
		871C3AD121047A8300CCFA82 /* Constants.swift */ = {isa = PBXFileReference; lastKnownFileType = sourcecode.swift; path = Constants.swift; sourceTree = "<group>"; };
		876EDC1120FF84B500B27D99 /* Smack - a Slack clone.app */ = {isa = PBXFileReference; explicitFileType = wrapper.application; includeInIndex = 0; path = "Smack - a Slack clone.app"; sourceTree = BUILT_PRODUCTS_DIR; };
		876EDC1420FF84B500B27D99 /* AppDelegate.swift */ = {isa = PBXFileReference; lastKnownFileType = sourcecode.swift; path = AppDelegate.swift; sourceTree = "<group>"; };
		876EDC1620FF84B500B27D99 /* ChatVC.swift */ = {isa = PBXFileReference; lastKnownFileType = sourcecode.swift; path = ChatVC.swift; sourceTree = "<group>"; };
		876EDC1920FF84B500B27D99 /* Base */ = {isa = PBXFileReference; lastKnownFileType = file.storyboard; name = Base; path = Base.lproj/Main.storyboard; sourceTree = "<group>"; };
		876EDC1B20FF84B500B27D99 /* Assets.xcassets */ = {isa = PBXFileReference; lastKnownFileType = folder.assetcatalog; path = Assets.xcassets; sourceTree = "<group>"; };
		876EDC1E20FF84B500B27D99 /* Base */ = {isa = PBXFileReference; lastKnownFileType = file.storyboard; name = Base; path = Base.lproj/LaunchScreen.storyboard; sourceTree = "<group>"; };
		876EDC2020FF84B500B27D99 /* Info.plist */ = {isa = PBXFileReference; lastKnownFileType = text.plist.xml; path = Info.plist; sourceTree = "<group>"; };
		876EDC4320FFA64700B27D99 /* Smack - a Slack clone-Bridging-Header.h */ = {isa = PBXFileReference; lastKnownFileType = sourcecode.c.h; path = "Smack - a Slack clone-Bridging-Header.h"; sourceTree = "<group>"; };
		876EDC4420FFA64700B27D99 /* SWRevealViewController.h */ = {isa = PBXFileReference; lastKnownFileType = sourcecode.c.h; path = SWRevealViewController.h; sourceTree = "<group>"; };
		876EDC4520FFA64700B27D99 /* SWRevealViewController.m */ = {isa = PBXFileReference; lastKnownFileType = sourcecode.c.objc; path = SWRevealViewController.m; sourceTree = "<group>"; };
		876EDC4720FFA8D200B27D99 /* ChannelVC.swift */ = {isa = PBXFileReference; lastKnownFileType = sourcecode.swift; path = ChannelVC.swift; sourceTree = "<group>"; };
		877F3062210614E7005294F4 /* LoginVC.swift */ = {isa = PBXFileReference; lastKnownFileType = sourcecode.swift; path = LoginVC.swift; sourceTree = "<group>"; };
		87DD49442108F1CA00B9A31B /* RoundedBtn.swift */ = {isa = PBXFileReference; lastKnownFileType = sourcecode.swift; path = RoundedBtn.swift; sourceTree = "<group>"; };
		9CFCC23A8CC3648D3A601306 /* Pods_Smack___a_Slack_clone.framework */ = {isa = PBXFileReference; explicitFileType = wrapper.framework; includeInIndex = 0; path = "Pods_Smack___a_Slack_clone.framework"; sourceTree = BUILT_PRODUCTS_DIR; };
		FB4623D8A592E94E2AE105D5 /* Pods-Smack - a Slack clone.release.xcconfig */ = {isa = PBXFileReference; includeInIndex = 1; lastKnownFileType = text.xcconfig; name = "Pods-Smack - a Slack clone.release.xcconfig"; path = "Pods/Target Support Files/Pods-Smack - a Slack clone/Pods-Smack - a Slack clone.release.xcconfig"; sourceTree = "<group>"; };
/* End PBXFileReference section */

/* Begin PBXFrameworksBuildPhase section */
		876EDC0E20FF84B500B27D99 /* Frameworks */ = {
			isa = PBXFrameworksBuildPhase;
			buildActionMask = 2147483647;
			files = (
				72CEA412605F417B799C9B6A /* Pods_Smack___a_Slack_clone.framework in Frameworks */,
			);
			runOnlyForDeploymentPostprocessing = 0;
		};
/* End PBXFrameworksBuildPhase section */

/* Begin PBXGroup section */
		2E0C05203397584085C6C32B /* Frameworks */ = {
			isa = PBXGroup;
			children = (
				9CFCC23A8CC3648D3A601306 /* Pods_Smack___a_Slack_clone.framework */,
			);
			name = Frameworks;
			sourceTree = "<group>";
		};
		45572528524375FB2CDFDE43 /* Pods */ = {
			isa = PBXGroup;
			children = (
				56430CBCE7F4873D727F1FF0 /* Pods-Smack - a Slack clone.debug.xcconfig */,
				FB4623D8A592E94E2AE105D5 /* Pods-Smack - a Slack clone.release.xcconfig */,
			);
			name = Pods;
			sourceTree = "<group>";
		};
		871390B921077D9200D73E3F /* Services */ = {
			isa = PBXGroup;
			children = (
				871390BC21077DFC00D73E3F /* authService.swift */,
				87191863210A314A00953F49 /* UserDataService.swift */,
			);
			path = Services;
			sourceTree = "<group>";
		};
		871C3AD021047A6800CCFA82 /* Utilities */ = {
			isa = PBXGroup;
			children = (
				871C3AD121047A8300CCFA82 /* Constants.swift */,
			);
			path = Utilities;
			sourceTree = "<group>";
		};
		876EDC0820FF84B500B27D99 = {
			isa = PBXGroup;
			children = (
				876EDC1320FF84B500B27D99 /* Smack - a Slack clone */,
				876EDC1220FF84B500B27D99 /* Products */,
				45572528524375FB2CDFDE43 /* Pods */,
				2E0C05203397584085C6C32B /* Frameworks */,
			);
			sourceTree = "<group>";
		};
		876EDC1220FF84B500B27D99 /* Products */ = {
			isa = PBXGroup;
			children = (
				876EDC1120FF84B500B27D99 /* Smack - a Slack clone.app */,
			);
			name = Products;
			sourceTree = "<group>";
		};
		876EDC1320FF84B500B27D99 /* Smack - a Slack clone */ = {
			isa = PBXGroup;
			children = (
				871390B921077D9200D73E3F /* Services */,
				871C3AD021047A6800CCFA82 /* Utilities */,
				876EDC4A20FFA8DC00B27D99 /* Model */,
				876EDC4920FFA8D700B27D99 /* View */,
				876EDC4620FFA86000B27D99 /* Controller */,
				876EDC4220FFA61D00B27D99 /* Supporting Files */,
				876EDC1420FF84B500B27D99 /* AppDelegate.swift */,
				876EDC1820FF84B500B27D99 /* Main.storyboard */,
				876EDC1B20FF84B500B27D99 /* Assets.xcassets */,
				876EDC1D20FF84B500B27D99 /* LaunchScreen.storyboard */,
				876EDC2020FF84B500B27D99 /* Info.plist */,
			);
			path = "Smack - a Slack clone";
			sourceTree = "<group>";
		};
		876EDC4220FFA61D00B27D99 /* Supporting Files */ = {
			isa = PBXGroup;
			children = (
				876EDC4420FFA64700B27D99 /* SWRevealViewController.h */,
				876EDC4520FFA64700B27D99 /* SWRevealViewController.m */,
				876EDC4320FFA64700B27D99 /* Smack - a Slack clone-Bridging-Header.h */,
			);
			path = "Supporting Files";
			sourceTree = "<group>";
		};
		876EDC4620FFA86000B27D99 /* Controller */ = {
			isa = PBXGroup;
			children = (
				876EDC1620FF84B500B27D99 /* ChatVC.swift */,
				876EDC4720FFA8D200B27D99 /* ChannelVC.swift */,
				877F3062210614E7005294F4 /* LoginVC.swift */,
				871838E721062EEE00253E9B /* CreateAccountVC.swift */,
			);
			path = Controller;
			sourceTree = "<group>";
		};
		876EDC4920FFA8D700B27D99 /* View */ = {
			isa = PBXGroup;
			children = (
				871C3ACE2104667F00CCFA82 /* GradientView.swift */,
				87DD49442108F1CA00B9A31B /* RoundedBtn.swift */,
			);
			path = View;
			sourceTree = "<group>";
		};
		876EDC4A20FFA8DC00B27D99 /* Model */ = {
			isa = PBXGroup;
			children = (
			);
			path = Model;
			sourceTree = "<group>";
		};
/* End PBXGroup section */

/* Begin PBXNativeTarget section */
		876EDC1020FF84B500B27D99 /* Smack - a Slack clone */ = {
			isa = PBXNativeTarget;
			buildConfigurationList = 876EDC2320FF84B500B27D99 /* Build configuration list for PBXNativeTarget "Smack - a Slack clone" */;
			buildPhases = (
				B89E34C0B7E053CFAA66AA22 /* [CP] Check Pods Manifest.lock */,
				876EDC0D20FF84B500B27D99 /* Sources */,
				876EDC0E20FF84B500B27D99 /* Frameworks */,
				876EDC0F20FF84B500B27D99 /* Resources */,
				F0B5B074620C668C144A170F /* [CP] Embed Pods Frameworks */,
			);
			buildRules = (
			);
			dependencies = (
			);
			name = "Smack - a Slack clone";
			productName = "Smack - a Slack clone";
			productReference = 876EDC1120FF84B500B27D99 /* Smack - a Slack clone.app */;
			productType = "com.apple.product-type.application";
		};
/* End PBXNativeTarget section */

/* Begin PBXProject section */
		876EDC0920FF84B500B27D99 /* Project object */ = {
			isa = PBXProject;
			attributes = {
				LastSwiftUpdateCheck = 0900;
				LastUpgradeCheck = 0900;
				ORGANIZATIONNAME = "Roderick Karlemstrand";
				TargetAttributes = {
					876EDC1020FF84B500B27D99 = {
						CreatedOnToolsVersion = 9.0;
						LastSwiftMigration = 0900;
						ProvisioningStyle = Automatic;
					};
				};
			};
			buildConfigurationList = 876EDC0C20FF84B500B27D99 /* Build configuration list for PBXProject "Smack - a Slack clone" */;
			compatibilityVersion = "Xcode 8.0";
			developmentRegion = en;
			hasScannedForEncodings = 0;
			knownRegions = (
				en,
				Base,
			);
			mainGroup = 876EDC0820FF84B500B27D99;
			productRefGroup = 876EDC1220FF84B500B27D99 /* Products */;
			projectDirPath = "";
			projectRoot = "";
			targets = (
				876EDC1020FF84B500B27D99 /* Smack - a Slack clone */,
			);
		};
/* End PBXProject section */

/* Begin PBXResourcesBuildPhase section */
		876EDC0F20FF84B500B27D99 /* Resources */ = {
			isa = PBXResourcesBuildPhase;
			buildActionMask = 2147483647;
			files = (
				876EDC1F20FF84B500B27D99 /* LaunchScreen.storyboard in Resources */,
				876EDC1C20FF84B500B27D99 /* Assets.xcassets in Resources */,
				876EDC1A20FF84B500B27D99 /* Main.storyboard in Resources */,
			);
			runOnlyForDeploymentPostprocessing = 0;
		};
/* End PBXResourcesBuildPhase section */

/* Begin PBXShellScriptBuildPhase section */
		B89E34C0B7E053CFAA66AA22 /* [CP] Check Pods Manifest.lock */ = {
			isa = PBXShellScriptBuildPhase;
			buildActionMask = 2147483647;
			files = (
			);
			inputPaths = (
				"${PODS_PODFILE_DIR_PATH}/Podfile.lock",
				"${PODS_ROOT}/Manifest.lock",
			);
			name = "[CP] Check Pods Manifest.lock";
			outputPaths = (
				"$(DERIVED_FILE_DIR)/Pods-Smack - a Slack clone-checkManifestLockResult.txt",
			);
			runOnlyForDeploymentPostprocessing = 0;
			shellPath = /bin/sh;
			shellScript = "diff \"${PODS_PODFILE_DIR_PATH}/Podfile.lock\" \"${PODS_ROOT}/Manifest.lock\" > /dev/null\nif [ $? != 0 ] ; then\n    # print error to STDERR\n    echo \"error: The sandbox is not in sync with the Podfile.lock. Run 'pod install' or update your CocoaPods installation.\" >&2\n    exit 1\nfi\n# This output is used by Xcode 'outputs' to avoid re-running this script phase.\necho \"SUCCESS\" > \"${SCRIPT_OUTPUT_FILE_0}\"\n";
			showEnvVarsInLog = 0;
		};
		F0B5B074620C668C144A170F /* [CP] Embed Pods Frameworks */ = {
			isa = PBXShellScriptBuildPhase;
			buildActionMask = 2147483647;
			files = (
			);
			inputPaths = (
				"${SRCROOT}/Pods/Target Support Files/Pods-Smack - a Slack clone/Pods-Smack - a Slack clone-frameworks.sh",
				"${BUILT_PRODUCTS_DIR}/Alamofire/Alamofire.framework",
				"${BUILT_PRODUCTS_DIR}/Socket.IO-Client-Swift/SocketIO.framework",
				"${BUILT_PRODUCTS_DIR}/Starscream/Starscream.framework",
				"${BUILT_PRODUCTS_DIR}/SwiftyJSON/SwiftyJSON.framework",
			);
			name = "[CP] Embed Pods Frameworks";
			outputPaths = (
				"${TARGET_BUILD_DIR}/${FRAMEWORKS_FOLDER_PATH}/Alamofire.framework",
				"${TARGET_BUILD_DIR}/${FRAMEWORKS_FOLDER_PATH}/SocketIO.framework",
				"${TARGET_BUILD_DIR}/${FRAMEWORKS_FOLDER_PATH}/Starscream.framework",
				"${TARGET_BUILD_DIR}/${FRAMEWORKS_FOLDER_PATH}/SwiftyJSON.framework",
			);
			runOnlyForDeploymentPostprocessing = 0;
			shellPath = /bin/sh;
			shellScript = "\"${SRCROOT}/Pods/Target Support Files/Pods-Smack - a Slack clone/Pods-Smack - a Slack clone-frameworks.sh\"\n";
			showEnvVarsInLog = 0;
		};
/* End PBXShellScriptBuildPhase section */

/* Begin PBXSourcesBuildPhase section */
		876EDC0D20FF84B500B27D99 /* Sources */ = {
			isa = PBXSourcesBuildPhase;
			buildActionMask = 2147483647;
			files = (
				876EDC1720FF84B500B27D99 /* ChatVC.swift in Sources */,
				871390BD21077DFC00D73E3F /* authService.swift in Sources */,
				87DD49452108F1CA00B9A31B /* RoundedBtn.swift in Sources */,
				87191864210A314A00953F49 /* UserDataService.swift in Sources */,
				876EDC4820FFA8D200B27D99 /* ChannelVC.swift in Sources */,
				871838E821062EEE00253E9B /* CreateAccountVC.swift in Sources */,
				877F3063210614E7005294F4 /* LoginVC.swift in Sources */,
				871C3ACF2104667F00CCFA82 /* GradientView.swift in Sources */,
				876EDC1520FF84B500B27D99 /* AppDelegate.swift in Sources */,
				876EDC4B20FFC06800B27D99 /* SWRevealViewController.m in Sources */,
				871C3AD221047A8300CCFA82 /* Constants.swift in Sources */,
			);
			runOnlyForDeploymentPostprocessing = 0;
		};
/* End PBXSourcesBuildPhase section */

/* Begin PBXVariantGroup section */
		876EDC1820FF84B500B27D99 /* Main.storyboard */ = {
			isa = PBXVariantGroup;
			children = (
				876EDC1920FF84B500B27D99 /* Base */,
			);
			name = Main.storyboard;
			sourceTree = "<group>";
		};
		876EDC1D20FF84B500B27D99 /* LaunchScreen.storyboard */ = {
			isa = PBXVariantGroup;
			children = (
				876EDC1E20FF84B500B27D99 /* Base */,
			);
			name = LaunchScreen.storyboard;
			sourceTree = "<group>";
		};
/* End PBXVariantGroup section */

/* Begin XCBuildConfiguration section */
		876EDC2120FF84B500B27D99 /* Debug */ = {
			isa = XCBuildConfiguration;
			buildSettings = {
				ALWAYS_SEARCH_USER_PATHS = NO;
				CLANG_ANALYZER_NONNULL = YES;
				CLANG_ANALYZER_NUMBER_OBJECT_CONVERSION = YES_AGGRESSIVE;
				CLANG_CXX_LANGUAGE_STANDARD = "gnu++14";
				CLANG_CXX_LIBRARY = "libc++";
				CLANG_ENABLE_MODULES = YES;
				CLANG_ENABLE_OBJC_ARC = YES;
				CLANG_WARN_BLOCK_CAPTURE_AUTORELEASING = YES;
				CLANG_WARN_BOOL_CONVERSION = YES;
				CLANG_WARN_COMMA = YES;
				CLANG_WARN_CONSTANT_CONVERSION = YES;
				CLANG_WARN_DIRECT_OBJC_ISA_USAGE = YES_ERROR;
				CLANG_WARN_DOCUMENTATION_COMMENTS = YES;
				CLANG_WARN_EMPTY_BODY = YES;
				CLANG_WARN_ENUM_CONVERSION = YES;
				CLANG_WARN_INFINITE_RECURSION = YES;
				CLANG_WARN_INT_CONVERSION = YES;
				CLANG_WARN_NON_LITERAL_NULL_CONVERSION = YES;
				CLANG_WARN_OBJC_LITERAL_CONVERSION = YES;
				CLANG_WARN_OBJC_ROOT_CLASS = YES_ERROR;
				CLANG_WARN_RANGE_LOOP_ANALYSIS = YES;
				CLANG_WARN_STRICT_PROTOTYPES = YES;
				CLANG_WARN_SUSPICIOUS_MOVE = YES;
				CLANG_WARN_UNGUARDED_AVAILABILITY = YES_AGGRESSIVE;
				CLANG_WARN_UNREACHABLE_CODE = YES;
				CLANG_WARN__DUPLICATE_METHOD_MATCH = YES;
				CODE_SIGN_IDENTITY = "iPhone Developer";
				COPY_PHASE_STRIP = NO;
				DEBUG_INFORMATION_FORMAT = dwarf;
				ENABLE_STRICT_OBJC_MSGSEND = YES;
				ENABLE_TESTABILITY = YES;
				GCC_C_LANGUAGE_STANDARD = gnu11;
				GCC_DYNAMIC_NO_PIC = NO;
				GCC_NO_COMMON_BLOCKS = YES;
				GCC_OPTIMIZATION_LEVEL = 0;
				GCC_PREPROCESSOR_DEFINITIONS = (
					"DEBUG=1",
					"$(inherited)",
				);
				GCC_WARN_64_TO_32_BIT_CONVERSION = YES;
				GCC_WARN_ABOUT_RETURN_TYPE = YES_ERROR;
				GCC_WARN_UNDECLARED_SELECTOR = YES;
				GCC_WARN_UNINITIALIZED_AUTOS = YES_AGGRESSIVE;
				GCC_WARN_UNUSED_FUNCTION = YES;
				GCC_WARN_UNUSED_VARIABLE = YES;
				IPHONEOS_DEPLOYMENT_TARGET = 9.3;
				MTL_ENABLE_DEBUG_INFO = YES;
				ONLY_ACTIVE_ARCH = YES;
				SDKROOT = iphoneos;
				SWIFT_ACTIVE_COMPILATION_CONDITIONS = DEBUG;
				SWIFT_OPTIMIZATION_LEVEL = "-Onone";
			};
			name = Debug;
		};
		876EDC2220FF84B500B27D99 /* Release */ = {
			isa = XCBuildConfiguration;
			buildSettings = {
				ALWAYS_SEARCH_USER_PATHS = NO;
				CLANG_ANALYZER_NONNULL = YES;
				CLANG_ANALYZER_NUMBER_OBJECT_CONVERSION = YES_AGGRESSIVE;
				CLANG_CXX_LANGUAGE_STANDARD = "gnu++14";
				CLANG_CXX_LIBRARY = "libc++";
				CLANG_ENABLE_MODULES = YES;
				CLANG_ENABLE_OBJC_ARC = YES;
				CLANG_WARN_BLOCK_CAPTURE_AUTORELEASING = YES;
				CLANG_WARN_BOOL_CONVERSION = YES;
				CLANG_WARN_COMMA = YES;
				CLANG_WARN_CONSTANT_CONVERSION = YES;
				CLANG_WARN_DIRECT_OBJC_ISA_USAGE = YES_ERROR;
				CLANG_WARN_DOCUMENTATION_COMMENTS = YES;
				CLANG_WARN_EMPTY_BODY = YES;
				CLANG_WARN_ENUM_CONVERSION = YES;
				CLANG_WARN_INFINITE_RECURSION = YES;
				CLANG_WARN_INT_CONVERSION = YES;
				CLANG_WARN_NON_LITERAL_NULL_CONVERSION = YES;
				CLANG_WARN_OBJC_LITERAL_CONVERSION = YES;
				CLANG_WARN_OBJC_ROOT_CLASS = YES_ERROR;
				CLANG_WARN_RANGE_LOOP_ANALYSIS = YES;
				CLANG_WARN_STRICT_PROTOTYPES = YES;
				CLANG_WARN_SUSPICIOUS_MOVE = YES;
				CLANG_WARN_UNGUARDED_AVAILABILITY = YES_AGGRESSIVE;
				CLANG_WARN_UNREACHABLE_CODE = YES;
				CLANG_WARN__DUPLICATE_METHOD_MATCH = YES;
				CODE_SIGN_IDENTITY = "iPhone Developer";
				COPY_PHASE_STRIP = NO;
				DEBUG_INFORMATION_FORMAT = "dwarf-with-dsym";
				ENABLE_NS_ASSERTIONS = NO;
				ENABLE_STRICT_OBJC_MSGSEND = YES;
				GCC_C_LANGUAGE_STANDARD = gnu11;
				GCC_NO_COMMON_BLOCKS = YES;
				GCC_WARN_64_TO_32_BIT_CONVERSION = YES;
				GCC_WARN_ABOUT_RETURN_TYPE = YES_ERROR;
				GCC_WARN_UNDECLARED_SELECTOR = YES;
				GCC_WARN_UNINITIALIZED_AUTOS = YES_AGGRESSIVE;
				GCC_WARN_UNUSED_FUNCTION = YES;
				GCC_WARN_UNUSED_VARIABLE = YES;
				IPHONEOS_DEPLOYMENT_TARGET = 9.3;
				MTL_ENABLE_DEBUG_INFO = NO;
				SDKROOT = iphoneos;
				SWIFT_OPTIMIZATION_LEVEL = "-Owholemodule";
				VALIDATE_PRODUCT = YES;
			};
			name = Release;
		};
		876EDC2420FF84B500B27D99 /* Debug */ = {
			isa = XCBuildConfiguration;
			baseConfigurationReference = 56430CBCE7F4873D727F1FF0 /* Pods-Smack - a Slack clone.debug.xcconfig */;
			buildSettings = {
				ASSETCATALOG_COMPILER_APPICON_NAME = AppIcon;
				CLANG_ENABLE_MODULES = YES;
				CODE_SIGN_STYLE = Automatic;
				DEVELOPMENT_TEAM = GGN252X8S6;
				INFOPLIST_FILE = "Smack - a Slack clone/Info.plist";
				IPHONEOS_DEPLOYMENT_TARGET = 9.3;
				LD_RUNPATH_SEARCH_PATHS = "$(inherited) @executable_path/Frameworks";
				PRODUCT_BUNDLE_IDENTIFIER = "com.karlemstrand.Smack---a-Slack-clone";
				PRODUCT_NAME = "$(TARGET_NAME)";
				SWIFT_OBJC_BRIDGING_HEADER = "Smack - a Slack clone/Supporting Files/Smack - a Slack clone-Bridging-Header.h";
				SWIFT_OPTIMIZATION_LEVEL = "-Onone";
				SWIFT_VERSION = 4.0;
				TARGETED_DEVICE_FAMILY = "1,2";
			};
			name = Debug;
		};
		876EDC2520FF84B500B27D99 /* Release */ = {
			isa = XCBuildConfiguration;
			baseConfigurationReference = FB4623D8A592E94E2AE105D5 /* Pods-Smack - a Slack clone.release.xcconfig */;
			buildSettings = {
				ASSETCATALOG_COMPILER_APPICON_NAME = AppIcon;
				CLANG_ENABLE_MODULES = YES;
				CODE_SIGN_STYLE = Automatic;
				DEVELOPMENT_TEAM = GGN252X8S6;
				INFOPLIST_FILE = "Smack - a Slack clone/Info.plist";
				IPHONEOS_DEPLOYMENT_TARGET = 9.3;
				LD_RUNPATH_SEARCH_PATHS = "$(inherited) @executable_path/Frameworks";
				PRODUCT_BUNDLE_IDENTIFIER = "com.karlemstrand.Smack---a-Slack-clone";
				PRODUCT_NAME = "$(TARGET_NAME)";
				SWIFT_OBJC_BRIDGING_HEADER = "Smack - a Slack clone/Supporting Files/Smack - a Slack clone-Bridging-Header.h";
				SWIFT_VERSION = 4.0;
				TARGETED_DEVICE_FAMILY = "1,2";
			};
			name = Release;
		};
/* End XCBuildConfiguration section */

/* Begin XCConfigurationList section */
		876EDC0C20FF84B500B27D99 /* Build configuration list for PBXProject "Smack - a Slack clone" */ = {
			isa = XCConfigurationList;
			buildConfigurations = (
				876EDC2120FF84B500B27D99 /* Debug */,
				876EDC2220FF84B500B27D99 /* Release */,
			);
			defaultConfigurationIsVisible = 0;
			defaultConfigurationName = Release;
		};
		876EDC2320FF84B500B27D99 /* Build configuration list for PBXNativeTarget "Smack - a Slack clone" */ = {
			isa = XCConfigurationList;
			buildConfigurations = (
				876EDC2420FF84B500B27D99 /* Debug */,
				876EDC2520FF84B500B27D99 /* Release */,
			);
			defaultConfigurationIsVisible = 0;
			defaultConfigurationName = Release;
		};
/* End XCConfigurationList section */
	};
	rootObject = 876EDC0920FF84B500B27D99 /* Project object */;
}
